<?xml version="1.0"?>
<plist version="1.0">
	<dict>
		<key>archiveVersion</key>
		<string>1</string>
		<key>classes</key>
		<dict />
		<key>objectVersion</key>
		<string>46</string>
		<key>objects</key>
		<dict>
			<key>EEDFB7DEEC8A4C455C122195</key>
			<dict>
				<key>explicitFileType</key>
				<string>sourcecode.c.h</string>
				<key>fileEncoding</key>
				<string>4</string>
				<key>isa</key>
				<string>PBXFileReference</string>
				<key>name</key>
				<string>ofxGuiDefaultConfig.h</string>
				<key>path</key>
				<string>../../../../addons/ofxGuiExtended/src/view/ofxGuiDefaultConfig.h</string>
				<key>sourceTree</key>
				<string>SOURCE_ROOT</string>
			</dict>
			<key>76050912FDB85F6B98587AC6</key>
			<dict>
				<key>explicitFileType</key>
				<string>sourcecode.c.h</string>
				<key>fileEncoding</key>
				<string>4</string>
				<key>isa</key>
				<string>PBXFileReference</string>
				<key>name</key>
				<string>ofxDOMLayoutHelper.h</string>
				<key>path</key>
				<string>../../../../addons/ofxGuiExtended/src/view/ofxDOMLayoutHelper.h</string>
				<key>sourceTree</key>
				<string>SOURCE_ROOT</string>
			</dict>
			<key>CA5ABB70D61DAAB45822DBB8</key>
			<dict>
				<key>fileRef</key>
				<string>35E81DE0DA9929431E4FA02C</string>
				<key>isa</key>
				<string>PBXBuildFile</string>
			</dict>
			<key>35E81DE0DA9929431E4FA02C</key>
			<dict>
				<key>explicitFileType</key>
				<string>sourcecode.cpp.cpp</string>
				<key>fileEncoding</key>
				<string>4</string>
				<key>isa</key>
				<string>PBXFileReference</string>
				<key>name</key>
				<string>ofxDOMLayoutHelper.cpp</string>
				<key>path</key>
				<string>../../../../addons/ofxGuiExtended/src/view/ofxDOMLayoutHelper.cpp</string>
				<key>sourceTree</key>
				<string>SOURCE_ROOT</string>
			</dict>
			<key>092BAE2D36DDB67C1B920DC0</key>
			<dict>
				<key>explicitFileType</key>
				<string>sourcecode.c.h</string>
				<key>fileEncoding</key>
				<string>4</string>
				<key>isa</key>
				<string>PBXFileReference</string>
				<key>name</key>
				<string>ofxDOMFlexBoxLayout.h</string>
				<key>path</key>
				<string>../../../../addons/ofxGuiExtended/src/view/ofxDOMFlexBoxLayout.h</string>
				<key>sourceTree</key>
				<string>SOURCE_ROOT</string>
			</dict>
			<key>A1605F87BB15CB7C97EBCCC9</key>
			<dict>
				<key>fileRef</key>
				<string>0B13FABD25E91FBEF22140D2</string>
				<key>isa</key>
				<string>PBXBuildFile</string>
			</dict>
			<key>0B13FABD25E91FBEF22140D2</key>
			<dict>
				<key>explicitFileType</key>
				<string>sourcecode.cpp.cpp</string>
				<key>fileEncoding</key>
				<string>4</string>
				<key>isa</key>
				<string>PBXFileReference</string>
				<key>name</key>
				<string>ofxDOMFlexBoxLayout.cpp</string>
				<key>path</key>
				<string>../../../../addons/ofxGuiExtended/src/view/ofxDOMFlexBoxLayout.cpp</string>
				<key>sourceTree</key>
				<string>SOURCE_ROOT</string>
			</dict>
			<key>7C6D74BC093BBFBCAB1CD0A8</key>
			<dict>
				<key>explicitFileType</key>
				<string>sourcecode.c.h</string>
				<key>fileEncoding</key>
				<string>4</string>
				<key>isa</key>
				<string>PBXFileReference</string>
				<key>name</key>
				<string>ofxDOMBoxLayout.h</string>
				<key>path</key>
				<string>../../../../addons/ofxGuiExtended/src/view/ofxDOMBoxLayout.h</string>
				<key>sourceTree</key>
				<string>SOURCE_ROOT</string>
			</dict>
			<key>9780B79542D0EAAAD92CC369</key>
			<dict>
				<key>fileRef</key>
				<string>A2C306A68748EB3AD2DC589B</string>
				<key>isa</key>
				<string>PBXBuildFile</string>
			</dict>
			<key>A2C306A68748EB3AD2DC589B</key>
			<dict>
				<key>explicitFileType</key>
				<string>sourcecode.cpp.cpp</string>
				<key>fileEncoding</key>
				<string>4</string>
				<key>isa</key>
				<string>PBXFileReference</string>
				<key>name</key>
				<string>ofxDOMBoxLayout.cpp</string>
				<key>path</key>
				<string>../../../../addons/ofxGuiExtended/src/view/ofxDOMBoxLayout.cpp</string>
				<key>sourceTree</key>
				<string>SOURCE_ROOT</string>
			</dict>
			<key>5B81CCC5F9591037017BE21B</key>
			<dict>
				<key>explicitFileType</key>
				<string>sourcecode.c.h</string>
				<key>fileEncoding</key>
				<string>4</string>
				<key>isa</key>
				<string>PBXFileReference</string>
				<key>name</key>
				<string>JsonConfigParser.h</string>
				<key>path</key>
				<string>../../../../addons/ofxGuiExtended/src/view/JsonConfigParser.h</string>
				<key>sourceTree</key>
				<string>SOURCE_ROOT</string>
			</dict>
			<key>E20840E800A52DE172108EC3</key>
			<dict>
				<key>children</key>
				<array>
					<string>912A42F273713D2D60BEF8A4</string>
					<string>5B81CCC5F9591037017BE21B</string>
					<string>A2C306A68748EB3AD2DC589B</string>
					<string>7C6D74BC093BBFBCAB1CD0A8</string>
					<string>0B13FABD25E91FBEF22140D2</string>
					<string>092BAE2D36DDB67C1B920DC0</string>
					<string>35E81DE0DA9929431E4FA02C</string>
					<string>76050912FDB85F6B98587AC6</string>
					<string>EEDFB7DEEC8A4C455C122195</string>
				</array>
				<key>isa</key>
				<string>PBXGroup</string>
				<key>name</key>
				<string>view</string>
				<key>sourceTree</key>
				<string>&lt;group&gt;</string>
			</dict>
			<key>E586913F396DFF950285F4A4</key>
			<dict>
				<key>fileRef</key>
				<string>912A42F273713D2D60BEF8A4</string>
				<key>isa</key>
				<string>PBXBuildFile</string>
			</dict>
			<key>912A42F273713D2D60BEF8A4</key>
			<dict>
				<key>explicitFileType</key>
				<string>sourcecode.cpp.cpp</string>
				<key>fileEncoding</key>
				<string>4</string>
				<key>isa</key>
				<string>PBXFileReference</string>
				<key>name</key>
				<string>JsonConfigParser.cpp</string>
				<key>path</key>
				<string>../../../../addons/ofxGuiExtended/src/view/JsonConfigParser.cpp</string>
				<key>sourceTree</key>
				<string>SOURCE_ROOT</string>
			</dict>
			<key>D2FA04903677669F4D5DBF91</key>
			<dict>
				<key>children</key>
				<array>
					<string>F20D9FBC93C2668E796C8383</string>
				</array>
				<key>isa</key>
				<string>PBXGroup</string>
				<key>name</key>
				<string>util</string>
				<key>sourceTree</key>
				<string>&lt;group&gt;</string>
			</dict>
			<key>F20D9FBC93C2668E796C8383</key>
			<dict>
				<key>explicitFileType</key>
				<string>sourcecode.c.h</string>
				<key>fileEncoding</key>
				<string>4</string>
				<key>isa</key>
				<string>PBXFileReference</string>
				<key>name</key>
				<string>IDGenerator.h</string>
				<key>path</key>
				<string>../../../../addons/ofxGuiExtended/src/util/IDGenerator.h</string>
				<key>sourceTree</key>
				<string>SOURCE_ROOT</string>
			</dict>
			<key>F3B18142A4BF92770B57C585</key>
			<dict>
				<key>explicitFileType</key>
				<string>sourcecode.c.h</string>
				<key>fileEncoding</key>
				<string>4</string>
				<key>isa</key>
				<string>PBXFileReference</string>
				<key>name</key>
				<string>ofxGuiExtended.h</string>
				<key>path</key>
				<string>../../../../addons/ofxGuiExtended/src/ofxGuiExtended.h</string>
				<key>sourceTree</key>
				<string>SOURCE_ROOT</string>
			</dict>
			<key>6F66E4C39C42CB5E73126AE4</key>
			<dict>
				<key>fileRef</key>
				<string>FEC8AF015EAE94DEE52F16C5</string>
				<key>isa</key>
				<string>PBXBuildFile</string>
			</dict>
			<key>FEC8AF015EAE94DEE52F16C5</key>
			<dict>
				<key>explicitFileType</key>
				<string>sourcecode.cpp.cpp</string>
				<key>fileEncoding</key>
				<string>4</string>
				<key>isa</key>
				<string>PBXFileReference</string>
				<key>name</key>
				<string>ofxGuiExtended.cpp</string>
				<key>path</key>
				<string>../../../../addons/ofxGuiExtended/src/ofxGuiExtended.cpp</string>
				<key>sourceTree</key>
				<string>SOURCE_ROOT</string>
			</dict>
			<key>E2C2E0388463D3F9B86E2771</key>
			<dict>
				<key>explicitFileType</key>
				<string>sourcecode.c.h</string>
				<key>fileEncoding</key>
				<string>4</string>
				<key>isa</key>
				<string>PBXFileReference</string>
				<key>name</key>
				<string>ofxGuiElement.h</string>
				<key>path</key>
				<string>../../../../addons/ofxGuiExtended/src/ofxGuiElement.h</string>
				<key>sourceTree</key>
				<string>SOURCE_ROOT</string>
			</dict>
			<key>B51BDA8A5DC01477B3A7E980</key>
			<dict>
				<key>fileRef</key>
				<string>176253A26B86C13412DB0B9F</string>
				<key>isa</key>
				<string>PBXBuildFile</string>
			</dict>
			<key>176253A26B86C13412DB0B9F</key>
			<dict>
				<key>explicitFileType</key>
				<string>sourcecode.cpp.cpp</string>
				<key>fileEncoding</key>
				<string>4</string>
				<key>isa</key>
				<string>PBXFileReference</string>
				<key>name</key>
				<string>ofxGuiElement.cpp</string>
				<key>path</key>
				<string>../../../../addons/ofxGuiExtended/src/ofxGuiElement.cpp</string>
				<key>sourceTree</key>
				<string>SOURCE_ROOT</string>
			</dict>
			<key>64E3579F0F2EA7988CF6674D</key>
			<dict>
				<key>explicitFileType</key>
				<string>sourcecode.c.h</string>
				<key>fileEncoding</key>
				<string>4</string>
				<key>isa</key>
				<string>PBXFileReference</string>
				<key>name</key>
				<string>Types.h</string>
				<key>path</key>
				<string>../../../../addons/ofxGuiExtended/src/DOM/Types.h</string>
				<key>sourceTree</key>
				<string>SOURCE_ROOT</string>
			</dict>
			<key>EEDFFEE18AA74B5F4A626BE4</key>
			<dict>
				<key>explicitFileType</key>
				<string>sourcecode.c.h</string>
				<key>fileEncoding</key>
				<string>4</string>
				<key>isa</key>
				<string>PBXFileReference</string>
				<key>name</key>
				<string>ofxDOM.h</string>
				<key>path</key>
				<string>../../../../addons/ofxGuiExtended/src/DOM/ofxDOM.h</string>
				<key>sourceTree</key>
				<string>SOURCE_ROOT</string>
			</dict>
			<key>9C62017B41C234FB85374AAA</key>
			<dict>
				<key>explicitFileType</key>
				<string>sourcecode.c.h</string>
				<key>fileEncoding</key>
				<string>4</string>
				<key>isa</key>
				<string>PBXFileReference</string>
				<key>name</key>
				<string>Layout.h</string>
				<key>path</key>
				<string>../../../../addons/ofxGuiExtended/src/DOM/Layout.h</string>
				<key>sourceTree</key>
				<string>SOURCE_ROOT</string>
			</dict>
			<key>325EB347601B832A7F3E68BF</key>
			<dict>
				<key>fileRef</key>
				<string>6E3D623FF26FFEB75FB75CDD</string>
				<key>isa</key>
				<string>PBXBuildFile</string>
			</dict>
			<key>6E3D623FF26FFEB75FB75CDD</key>
			<dict>
				<key>explicitFileType</key>
				<string>sourcecode.cpp.cpp</string>
				<key>fileEncoding</key>
				<string>4</string>
				<key>isa</key>
				<string>PBXFileReference</string>
				<key>name</key>
				<string>Layout.cpp</string>
				<key>path</key>
				<string>../../../../addons/ofxGuiExtended/src/DOM/Layout.cpp</string>
				<key>sourceTree</key>
				<string>SOURCE_ROOT</string>
			</dict>
			<key>65D28D405003CA118B665855</key>
			<dict>
				<key>explicitFileType</key>
				<string>sourcecode.c.h</string>
				<key>fileEncoding</key>
				<string>4</string>
				<key>isa</key>
				<string>PBXFileReference</string>
				<key>name</key>
				<string>Exceptions.h</string>
				<key>path</key>
				<string>../../../../addons/ofxGuiExtended/src/DOM/Exceptions.h</string>
				<key>sourceTree</key>
				<string>SOURCE_ROOT</string>
			</dict>
			<key>4DAEF6AEABB90D3C716F3554</key>
			<dict>
				<key>fileRef</key>
				<string>E175F3A6E62BB6D8C0AC3FB0</string>
				<key>isa</key>
				<string>PBXBuildFile</string>
			</dict>
			<key>E175F3A6E62BB6D8C0AC3FB0</key>
			<dict>
				<key>explicitFileType</key>
				<string>sourcecode.cpp.cpp</string>
				<key>fileEncoding</key>
				<string>4</string>
				<key>isa</key>
				<string>PBXFileReference</string>
				<key>name</key>
				<string>Exceptions.cpp</string>
				<key>path</key>
				<string>../../../../addons/ofxGuiExtended/src/DOM/Exceptions.cpp</string>
				<key>sourceTree</key>
				<string>SOURCE_ROOT</string>
			</dict>
			<key>D26953178F5B01677AE5CB15</key>
			<dict>
				<key>explicitFileType</key>
				<string>sourcecode.c.h</string>
				<key>fileEncoding</key>
				<string>4</string>
				<key>isa</key>
				<string>PBXFileReference</string>
				<key>name</key>
				<string>EventTarget.h</string>
				<key>path</key>
				<string>../../../../addons/ofxGuiExtended/src/DOM/EventTarget.h</string>
				<key>sourceTree</key>
				<string>SOURCE_ROOT</string>
			</dict>
			<key>363C4A6E6002ACC8DC196AE7</key>
			<dict>
				<key>explicitFileType</key>
				<string>sourcecode.c.h</string>
				<key>fileEncoding</key>
				<string>4</string>
				<key>isa</key>
				<string>PBXFileReference</string>
				<key>name</key>
				<string>Events.h</string>
				<key>path</key>
				<string>../../../../addons/ofxGuiExtended/src/DOM/Events.h</string>
				<key>sourceTree</key>
				<string>SOURCE_ROOT</string>
			</dict>
			<key>C502A884B326D8CC284E63E4</key>
			<dict>
				<key>fileRef</key>
				<string>C1AC4F5DB0935881A3760EF1</string>
				<key>isa</key>
				<string>PBXBuildFile</string>
			</dict>
			<key>C1AC4F5DB0935881A3760EF1</key>
			<dict>
				<key>explicitFileType</key>
				<string>sourcecode.cpp.cpp</string>
				<key>fileEncoding</key>
				<string>4</string>
				<key>isa</key>
				<string>PBXFileReference</string>
				<key>name</key>
				<string>Events.cpp</string>
				<key>path</key>
				<string>../../../../addons/ofxGuiExtended/src/DOM/Events.cpp</string>
				<key>sourceTree</key>
				<string>SOURCE_ROOT</string>
			</dict>
			<key>DBC0859FAD9DE4BAB0E05AD5</key>
			<dict>
				<key>explicitFileType</key>
				<string>sourcecode.c.h</string>
				<key>fileEncoding</key>
				<string>4</string>
				<key>isa</key>
				<string>PBXFileReference</string>
				<key>name</key>
				<string>Element.h</string>
				<key>path</key>
				<string>../../../../addons/ofxGuiExtended/src/DOM/Element.h</string>
				<key>sourceTree</key>
				<string>SOURCE_ROOT</string>
			</dict>
			<key>E4F39E7D19DEE9BABC45EB23</key>
			<dict>
				<key>fileRef</key>
				<string>C68CCB69257A56FBD5336990</string>
				<key>isa</key>
				<string>PBXBuildFile</string>
			</dict>
			<key>C68CCB69257A56FBD5336990</key>
			<dict>
				<key>explicitFileType</key>
				<string>sourcecode.cpp.cpp</string>
				<key>fileEncoding</key>
				<string>4</string>
				<key>isa</key>
				<string>PBXFileReference</string>
				<key>name</key>
				<string>Element.cpp</string>
				<key>path</key>
				<string>../../../../addons/ofxGuiExtended/src/DOM/Element.cpp</string>
				<key>sourceTree</key>
				<string>SOURCE_ROOT</string>
			</dict>
			<key>E16999AF3FAC824832978751</key>
			<dict>
				<key>explicitFileType</key>
				<string>sourcecode.c.h</string>
				<key>fileEncoding</key>
				<string>4</string>
				<key>isa</key>
				<string>PBXFileReference</string>
				<key>name</key>
				<string>Document.h</string>
				<key>path</key>
				<string>../../../../addons/ofxGuiExtended/src/DOM/Document.h</string>
				<key>sourceTree</key>
				<string>SOURCE_ROOT</string>
			</dict>
			<key>FAC1F59EC310A57E00CB01E1</key>
			<dict>
				<key>children</key>
				<array>
					<string>9DB5CDDB50C7E4F240E283DF</string>
					<string>E16999AF3FAC824832978751</string>
					<string>C68CCB69257A56FBD5336990</string>
					<string>DBC0859FAD9DE4BAB0E05AD5</string>
					<string>C1AC4F5DB0935881A3760EF1</string>
					<string>363C4A6E6002ACC8DC196AE7</string>
					<string>D26953178F5B01677AE5CB15</string>
					<string>E175F3A6E62BB6D8C0AC3FB0</string>
					<string>65D28D405003CA118B665855</string>
					<string>6E3D623FF26FFEB75FB75CDD</string>
					<string>9C62017B41C234FB85374AAA</string>
					<string>EEDFFEE18AA74B5F4A626BE4</string>
					<string>64E3579F0F2EA7988CF6674D</string>
				</array>
				<key>isa</key>
				<string>PBXGroup</string>
				<key>name</key>
				<string>DOM</string>
				<key>sourceTree</key>
				<string>&lt;group&gt;</string>
			</dict>
			<key>966F59EAD74E1B99F2685EDF</key>
			<dict>
				<key>fileRef</key>
				<string>9DB5CDDB50C7E4F240E283DF</string>
				<key>isa</key>
				<string>PBXBuildFile</string>
			</dict>
			<key>9DB5CDDB50C7E4F240E283DF</key>
			<dict>
				<key>explicitFileType</key>
				<string>sourcecode.cpp.cpp</string>
				<key>fileEncoding</key>
				<string>4</string>
				<key>isa</key>
				<string>PBXFileReference</string>
				<key>name</key>
				<string>Document.cpp</string>
				<key>path</key>
				<string>../../../../addons/ofxGuiExtended/src/DOM/Document.cpp</string>
				<key>sourceTree</key>
				<string>SOURCE_ROOT</string>
			</dict>
			<key>78E87A4F2385DB4E78226A65</key>
			<dict>
				<key>explicitFileType</key>
				<string>sourcecode.c.h</string>
				<key>fileEncoding</key>
				<string>4</string>
				<key>isa</key>
				<string>PBXFileReference</string>
				<key>name</key>
				<string>ofxGuiZoomableGraphics.h</string>
				<key>path</key>
				<string>../../../../addons/ofxGuiExtended/src/controls/ofxGuiZoomableGraphics.h</string>
				<key>sourceTree</key>
				<string>SOURCE_ROOT</string>
			</dict>
			<key>61DF0E4BE353F87C957A102F</key>
			<dict>
				<key>fileRef</key>
				<string>76D8EA826F15968A588BFF95</string>
				<key>isa</key>
				<string>PBXBuildFile</string>
			</dict>
			<key>76D8EA826F15968A588BFF95</key>
			<dict>
				<key>explicitFileType</key>
				<string>sourcecode.cpp.cpp</string>
				<key>fileEncoding</key>
				<string>4</string>
				<key>isa</key>
				<string>PBXFileReference</string>
				<key>name</key>
				<string>ofxGuiZoomableGraphics.cpp</string>
				<key>path</key>
				<string>../../../../addons/ofxGuiExtended/src/controls/ofxGuiZoomableGraphics.cpp</string>
				<key>sourceTree</key>
				<string>SOURCE_ROOT</string>
			</dict>
			<key>344C7EC69EC4DA8956FCACF7</key>
			<dict>
				<key>explicitFileType</key>
				<string>sourcecode.c.h</string>
				<key>fileEncoding</key>
				<string>4</string>
				<key>isa</key>
				<string>PBXFileReference</string>
				<key>name</key>
				<string>ofxGuiValuePlotter.h</string>
				<key>path</key>
				<string>../../../../addons/ofxGuiExtended/src/controls/ofxGuiValuePlotter.h</string>
				<key>sourceTree</key>
				<string>SOURCE_ROOT</string>
			</dict>
			<key>4E11404B06DD7236147A9A9A</key>
			<dict>
				<key>fileRef</key>
				<string>BBE1A5A509D364C0C6BFE4E6</string>
				<key>isa</key>
				<string>PBXBuildFile</string>
			</dict>
			<key>BBE1A5A509D364C0C6BFE4E6</key>
			<dict>
				<key>explicitFileType</key>
				<string>sourcecode.cpp.cpp</string>
				<key>fileEncoding</key>
				<string>4</string>
				<key>isa</key>
				<string>PBXFileReference</string>
				<key>name</key>
				<string>ofxGuiValuePlotter.cpp</string>
				<key>path</key>
				<string>../../../../addons/ofxGuiExtended/src/controls/ofxGuiValuePlotter.cpp</string>
				<key>sourceTree</key>
				<string>SOURCE_ROOT</string>
			</dict>
			<key>F63D3CB9F265F67EC4814A73</key>
			<dict>
				<key>explicitFileType</key>
				<string>sourcecode.c.h</string>
				<key>fileEncoding</key>
				<string>4</string>
				<key>isa</key>
				<string>PBXFileReference</string>
				<key>name</key>
				<string>ofxGuiToggle.h</string>
				<key>path</key>
				<string>../../../../addons/ofxGuiExtended/src/controls/ofxGuiToggle.h</string>
				<key>sourceTree</key>
				<string>SOURCE_ROOT</string>
			</dict>
			<key>7C2C7B1DF9C50B1AD717C49C</key>
			<dict>
				<key>fileRef</key>
				<string>C88699AC92C42CB82DC65B33</string>
				<key>isa</key>
				<string>PBXBuildFile</string>
			</dict>
			<key>C88699AC92C42CB82DC65B33</key>
			<dict>
				<key>explicitFileType</key>
				<string>sourcecode.cpp.cpp</string>
				<key>fileEncoding</key>
				<string>4</string>
				<key>isa</key>
				<string>PBXFileReference</string>
				<key>name</key>
				<string>ofxGuiToggle.cpp</string>
				<key>path</key>
				<string>../../../../addons/ofxGuiExtended/src/controls/ofxGuiToggle.cpp</string>
				<key>sourceTree</key>
				<string>SOURCE_ROOT</string>
			</dict>
			<key>F3ED6AFCE5445063828DC781</key>
			<dict>
				<key>explicitFileType</key>
				<string>sourcecode.c.h</string>
				<key>fileEncoding</key>
				<string>4</string>
				<key>isa</key>
				<string>PBXFileReference</string>
				<key>name</key>
				<string>ofxGuiSlider.h</string>
				<key>path</key>
				<string>../../../../addons/ofxGuiExtended/src/controls/ofxGuiSlider.h</string>
				<key>sourceTree</key>
				<string>SOURCE_ROOT</string>
			</dict>
			<key>32D7B1382FB204EACAB1533B</key>
			<dict>
				<key>fileRef</key>
				<string>5CF357D0D1B4393D1364F87E</string>
				<key>isa</key>
				<string>PBXBuildFile</string>
			</dict>
			<key>5CF357D0D1B4393D1364F87E</key>
			<dict>
				<key>explicitFileType</key>
				<string>sourcecode.cpp.cpp</string>
				<key>fileEncoding</key>
				<string>4</string>
				<key>isa</key>
				<string>PBXFileReference</string>
				<key>name</key>
				<string>ofxGuiSlider.cpp</string>
				<key>path</key>
				<string>../../../../addons/ofxGuiExtended/src/controls/ofxGuiSlider.cpp</string>
				<key>sourceTree</key>
				<string>SOURCE_ROOT</string>
			</dict>
			<key>86B7D12DA8D9995F0AF0A283</key>
			<dict>
				<key>explicitFileType</key>
				<string>sourcecode.c.h</string>
				<key>fileEncoding</key>
				<string>4</string>
				<key>isa</key>
				<string>PBXFileReference</string>
				<key>name</key>
				<string>ofxGuiRangeSlider.h</string>
				<key>path</key>
				<string>../../../../addons/ofxGuiExtended/src/controls/ofxGuiRangeSlider.h</string>
				<key>sourceTree</key>
				<string>SOURCE_ROOT</string>
			</dict>
			<key>FEAA744E7104D9215527B1A7</key>
			<dict>
				<key>fileRef</key>
				<string>D03204ABDF2C55858FE6A37C</string>
				<key>isa</key>
				<string>PBXBuildFile</string>
			</dict>
			<key>D03204ABDF2C55858FE6A37C</key>
			<dict>
				<key>explicitFileType</key>
				<string>sourcecode.cpp.cpp</string>
				<key>fileEncoding</key>
				<string>4</string>
				<key>isa</key>
				<string>PBXFileReference</string>
				<key>name</key>
				<string>ofxGuiRangeSlider.cpp</string>
				<key>path</key>
				<string>../../../../addons/ofxGuiExtended/src/controls/ofxGuiRangeSlider.cpp</string>
				<key>sourceTree</key>
				<string>SOURCE_ROOT</string>
			</dict>
			<key>14805F1AFE409CE41FEC75DB</key>
			<dict>
				<key>explicitFileType</key>
				<string>sourcecode.c.h</string>
				<key>fileEncoding</key>
				<string>4</string>
				<key>isa</key>
				<string>PBXFileReference</string>
				<key>name</key>
				<string>ofxGuiLabel.h</string>
				<key>path</key>
				<string>../../../../addons/ofxGuiExtended/src/controls/ofxGuiLabel.h</string>
				<key>sourceTree</key>
				<string>SOURCE_ROOT</string>
			</dict>
			<key>FDD16DA82A60D6972C94161B</key>
			<dict>
				<key>fileRef</key>
				<string>F31C948BE381C23F18FD0A1B</string>
				<key>isa</key>
				<string>PBXBuildFile</string>
			</dict>
			<key>F31C948BE381C23F18FD0A1B</key>
			<dict>
				<key>explicitFileType</key>
				<string>sourcecode.cpp.cpp</string>
				<key>fileEncoding</key>
				<string>4</string>
				<key>isa</key>
				<string>PBXFileReference</string>
				<key>name</key>
				<string>ofxGuiLabel.cpp</string>
				<key>path</key>
				<string>../../../../addons/ofxGuiExtended/src/controls/ofxGuiLabel.cpp</string>
				<key>sourceTree</key>
				<string>SOURCE_ROOT</string>
			</dict>
			<key>D75DAD3C4AE64B7EA67BDD85</key>
			<dict>
				<key>explicitFileType</key>
				<string>sourcecode.c.h</string>
				<key>fileEncoding</key>
				<string>4</string>
				<key>isa</key>
				<string>PBXFileReference</string>
				<key>name</key>
				<string>ofxGuiInputField.h</string>
				<key>path</key>
				<string>../../../../addons/ofxGuiExtended/src/controls/ofxGuiInputField.h</string>
				<key>sourceTree</key>
				<string>SOURCE_ROOT</string>
			</dict>
			<key>8C2A327F5236B33C0C1DC623</key>
			<dict>
				<key>fileRef</key>
				<string>1D131B443EBB0C1B30C5582E</string>
				<key>isa</key>
				<string>PBXBuildFile</string>
			</dict>
			<key>1D131B443EBB0C1B30C5582E</key>
			<dict>
				<key>explicitFileType</key>
				<string>sourcecode.cpp.cpp</string>
				<key>fileEncoding</key>
				<string>4</string>
				<key>isa</key>
				<string>PBXFileReference</string>
				<key>name</key>
				<string>ofxGuiInputField.cpp</string>
				<key>path</key>
				<string>../../../../addons/ofxGuiExtended/src/controls/ofxGuiInputField.cpp</string>
				<key>sourceTree</key>
				<string>SOURCE_ROOT</string>
			</dict>
			<key>33179CE7B53120817528BCB0</key>
			<dict>
				<key>explicitFileType</key>
				<string>sourcecode.c.h</string>
				<key>fileEncoding</key>
				<string>4</string>
				<key>isa</key>
				<string>PBXFileReference</string>
				<key>name</key>
				<string>ofxGuiGraphics.h</string>
				<key>path</key>
				<string>../../../../addons/ofxGuiExtended/src/controls/ofxGuiGraphics.h</string>
				<key>sourceTree</key>
				<string>SOURCE_ROOT</string>
			</dict>
			<key>5E9DFA04E184ADC40D7950A1</key>
			<dict>
				<key>fileRef</key>
				<string>9DE722CA969176A29202B188</string>
				<key>isa</key>
				<string>PBXBuildFile</string>
			</dict>
			<key>9DE722CA969176A29202B188</key>
			<dict>
				<key>explicitFileType</key>
				<string>sourcecode.cpp.cpp</string>
				<key>fileEncoding</key>
				<string>4</string>
				<key>isa</key>
				<string>PBXFileReference</string>
				<key>name</key>
				<string>ofxGuiGraphics.cpp</string>
				<key>path</key>
				<string>../../../../addons/ofxGuiExtended/src/controls/ofxGuiGraphics.cpp</string>
				<key>sourceTree</key>
				<string>SOURCE_ROOT</string>
			</dict>
			<key>A0327E668BDB0CC39CB7BC07</key>
			<dict>
				<key>explicitFileType</key>
				<string>sourcecode.c.h</string>
				<key>fileEncoding</key>
				<string>4</string>
				<key>isa</key>
				<string>PBXFileReference</string>
				<key>name</key>
				<string>ofxGuiFunctionPlotter.h</string>
				<key>path</key>
				<string>../../../../addons/ofxGuiExtended/src/controls/ofxGuiFunctionPlotter.h</string>
				<key>sourceTree</key>
				<string>SOURCE_ROOT</string>
			</dict>
			<key>368056C154241D4E3FA7554D</key>
			<dict>
				<key>fileRef</key>
				<string>5ABCDC31A5A16BA8512D1F6C</string>
				<key>isa</key>
				<string>PBXBuildFile</string>
			</dict>
			<key>5ABCDC31A5A16BA8512D1F6C</key>
			<dict>
				<key>explicitFileType</key>
				<string>sourcecode.cpp.cpp</string>
				<key>fileEncoding</key>
				<string>4</string>
				<key>isa</key>
				<string>PBXFileReference</string>
				<key>name</key>
				<string>ofxGuiFunctionPlotter.cpp</string>
				<key>path</key>
				<string>../../../../addons/ofxGuiExtended/src/controls/ofxGuiFunctionPlotter.cpp</string>
				<key>sourceTree</key>
				<string>SOURCE_ROOT</string>
			</dict>
			<key>C955574EFEA713460F1DDCAE</key>
			<dict>
				<key>explicitFileType</key>
				<string>sourcecode.c.h</string>
				<key>fileEncoding</key>
				<string>4</string>
				<key>isa</key>
				<string>PBXFileReference</string>
				<key>name</key>
				<string>ofxGuiFpsPlotter.h</string>
				<key>path</key>
				<string>../../../../addons/ofxGuiExtended/src/controls/ofxGuiFpsPlotter.h</string>
				<key>sourceTree</key>
				<string>SOURCE_ROOT</string>
			</dict>
			<key>7928C44C3443C74444811602</key>
			<dict>
				<key>fileRef</key>
				<string>EDB66113A2F83B6C3250286A</string>
				<key>isa</key>
				<string>PBXBuildFile</string>
			</dict>
			<key>EDB66113A2F83B6C3250286A</key>
			<dict>
				<key>explicitFileType</key>
				<string>sourcecode.cpp.cpp</string>
				<key>fileEncoding</key>
				<string>4</string>
				<key>isa</key>
				<string>PBXFileReference</string>
				<key>name</key>
				<string>ofxGuiFpsPlotter.cpp</string>
				<key>path</key>
				<string>../../../../addons/ofxGuiExtended/src/controls/ofxGuiFpsPlotter.cpp</string>
				<key>sourceTree</key>
				<string>SOURCE_ROOT</string>
			</dict>
			<key>FBFAA0F67B950D9D19BBA438</key>
			<dict>
				<key>explicitFileType</key>
				<string>sourcecode.c.h</string>
				<key>fileEncoding</key>
				<string>4</string>
				<key>isa</key>
				<string>PBXFileReference</string>
				<key>name</key>
				<string>ofxGuiButton.h</string>
				<key>path</key>
				<string>../../../../addons/ofxGuiExtended/src/controls/ofxGuiButton.h</string>
				<key>sourceTree</key>
				<string>SOURCE_ROOT</string>
			</dict>
			<key>F0AD07976D10BFA469C92DAA</key>
			<dict>
				<key>children</key>
				<array>
					<string>D97A14A34344338D787A28BD</string>
					<string>FBFAA0F67B950D9D19BBA438</string>
					<string>EDB66113A2F83B6C3250286A</string>
					<string>C955574EFEA713460F1DDCAE</string>
					<string>5ABCDC31A5A16BA8512D1F6C</string>
					<string>A0327E668BDB0CC39CB7BC07</string>
					<string>9DE722CA969176A29202B188</string>
					<string>33179CE7B53120817528BCB0</string>
					<string>1D131B443EBB0C1B30C5582E</string>
					<string>D75DAD3C4AE64B7EA67BDD85</string>
					<string>F31C948BE381C23F18FD0A1B</string>
					<string>14805F1AFE409CE41FEC75DB</string>
					<string>D03204ABDF2C55858FE6A37C</string>
					<string>86B7D12DA8D9995F0AF0A283</string>
					<string>5CF357D0D1B4393D1364F87E</string>
					<string>F3ED6AFCE5445063828DC781</string>
					<string>C88699AC92C42CB82DC65B33</string>
					<string>F63D3CB9F265F67EC4814A73</string>
					<string>BBE1A5A509D364C0C6BFE4E6</string>
					<string>344C7EC69EC4DA8956FCACF7</string>
					<string>76D8EA826F15968A588BFF95</string>
					<string>78E87A4F2385DB4E78226A65</string>
				</array>
				<key>isa</key>
				<string>PBXGroup</string>
				<key>name</key>
				<string>controls</string>
				<key>sourceTree</key>
				<string>&lt;group&gt;</string>
			</dict>
			<key>BC1E3672B730E6730FECE839</key>
			<dict>
				<key>fileRef</key>
				<string>D97A14A34344338D787A28BD</string>
				<key>isa</key>
				<string>PBXBuildFile</string>
			</dict>
			<key>D97A14A34344338D787A28BD</key>
			<dict>
				<key>explicitFileType</key>
				<string>sourcecode.cpp.cpp</string>
				<key>fileEncoding</key>
				<string>4</string>
				<key>isa</key>
				<string>PBXFileReference</string>
				<key>name</key>
				<string>ofxGuiButton.cpp</string>
				<key>path</key>
				<string>../../../../addons/ofxGuiExtended/src/controls/ofxGuiButton.cpp</string>
				<key>sourceTree</key>
				<string>SOURCE_ROOT</string>
			</dict>
			<key>F7FE3BA76D4C3030AE87E0BA</key>
			<dict>
				<key>explicitFileType</key>
				<string>sourcecode.c.h</string>
				<key>fileEncoding</key>
				<string>4</string>
				<key>isa</key>
				<string>PBXFileReference</string>
				<key>name</key>
				<string>ofxGuiTabs.h</string>
				<key>path</key>
				<string>../../../../addons/ofxGuiExtended/src/containers/ofxGuiTabs.h</string>
				<key>sourceTree</key>
				<string>SOURCE_ROOT</string>
			</dict>
			<key>AE895733E8BC65FABCFC54D5</key>
			<dict>
				<key>fileRef</key>
				<string>89A7ABE81124B04FE3405C6F</string>
				<key>isa</key>
				<string>PBXBuildFile</string>
			</dict>
			<key>89A7ABE81124B04FE3405C6F</key>
			<dict>
				<key>explicitFileType</key>
				<string>sourcecode.cpp.cpp</string>
				<key>fileEncoding</key>
				<string>4</string>
				<key>isa</key>
				<string>PBXFileReference</string>
				<key>name</key>
				<string>ofxGuiTabs.cpp</string>
				<key>path</key>
				<string>../../../../addons/ofxGuiExtended/src/containers/ofxGuiTabs.cpp</string>
				<key>sourceTree</key>
				<string>SOURCE_ROOT</string>
			</dict>
			<key>99BCAF2F5DE0C2CDDDD91F9F</key>
			<dict>
				<key>explicitFileType</key>
				<string>sourcecode.c.h</string>
				<key>fileEncoding</key>
				<string>4</string>
				<key>isa</key>
				<string>PBXFileReference</string>
				<key>name</key>
				<string>ofxGuiSliderGroup.h</string>
				<key>path</key>
				<string>../../../../addons/ofxGuiExtended/src/containers/ofxGuiSliderGroup.h</string>
				<key>sourceTree</key>
				<string>SOURCE_ROOT</string>
			</dict>
			<key>F0DE3AF6EA38F9A5FE759E79</key>
			<dict>
				<key>fileRef</key>
				<string>DDEEA0BE5002286E01803C5F</string>
				<key>isa</key>
				<string>PBXBuildFile</string>
			</dict>
			<key>DDEEA0BE5002286E01803C5F</key>
			<dict>
				<key>explicitFileType</key>
				<string>sourcecode.cpp.cpp</string>
				<key>fileEncoding</key>
				<string>4</string>
				<key>isa</key>
				<string>PBXFileReference</string>
				<key>name</key>
				<string>ofxGuiSliderGroup.cpp</string>
				<key>path</key>
				<string>../../../../addons/ofxGuiExtended/src/containers/ofxGuiSliderGroup.cpp</string>
				<key>sourceTree</key>
				<string>SOURCE_ROOT</string>
			</dict>
			<key>07080C725FB7CC62922641F9</key>
			<dict>
				<key>explicitFileType</key>
				<string>sourcecode.c.h</string>
				<key>fileEncoding</key>
				<string>4</string>
				<key>isa</key>
				<string>PBXFileReference</string>
				<key>name</key>
				<string>ofxGuiPanel.h</string>
				<key>path</key>
				<string>../../../../addons/ofxGuiExtended/src/containers/ofxGuiPanel.h</string>
				<key>sourceTree</key>
				<string>SOURCE_ROOT</string>
			</dict>
			<key>460ECA7281AA7EAF3333E120</key>
			<dict>
				<key>fileRef</key>
				<string>42C5342A62C677EEF3B16F77</string>
				<key>isa</key>
				<string>PBXBuildFile</string>
			</dict>
			<key>42C5342A62C677EEF3B16F77</key>
			<dict>
				<key>explicitFileType</key>
				<string>sourcecode.cpp.cpp</string>
				<key>fileEncoding</key>
				<string>4</string>
				<key>isa</key>
				<string>PBXFileReference</string>
				<key>name</key>
				<string>ofxGuiPanel.cpp</string>
				<key>path</key>
				<string>../../../../addons/ofxGuiExtended/src/containers/ofxGuiPanel.cpp</string>
				<key>sourceTree</key>
				<string>SOURCE_ROOT</string>
			</dict>
			<key>C3150A8880B2A70AE6A4DAB9</key>
			<dict>
				<key>explicitFileType</key>
				<string>sourcecode.c.h</string>
				<key>fileEncoding</key>
				<string>4</string>
				<key>isa</key>
				<string>PBXFileReference</string>
				<key>name</key>
				<string>ofxGuiMenu.h</string>
				<key>path</key>
				<string>../../../../addons/ofxGuiExtended/src/containers/ofxGuiMenu.h</string>
				<key>sourceTree</key>
				<string>SOURCE_ROOT</string>
			</dict>
			<key>A1E52824B8884C4706204924</key>
			<dict>
				<key>fileRef</key>
				<string>D235ED77F359AD517BD380DF</string>
				<key>isa</key>
				<string>PBXBuildFile</string>
			</dict>
			<key>D235ED77F359AD517BD380DF</key>
			<dict>
				<key>explicitFileType</key>
				<string>sourcecode.cpp.cpp</string>
				<key>fileEncoding</key>
				<string>4</string>
				<key>isa</key>
				<string>PBXFileReference</string>
				<key>name</key>
				<string>ofxGuiMenu.cpp</string>
				<key>path</key>
				<string>../../../../addons/ofxGuiExtended/src/containers/ofxGuiMenu.cpp</string>
				<key>sourceTree</key>
				<string>SOURCE_ROOT</string>
			</dict>
			<key>62A6C64CB8C6B4929571B92F</key>
			<dict>
				<key>explicitFileType</key>
				<string>sourcecode.c.h</string>
				<key>fileEncoding</key>
				<string>4</string>
				<key>isa</key>
				<string>PBXFileReference</string>
				<key>name</key>
				<string>ofxGuiGroup.h</string>
				<key>path</key>
				<string>../../../../addons/ofxGuiExtended/src/containers/ofxGuiGroup.h</string>
				<key>sourceTree</key>
				<string>SOURCE_ROOT</string>
			</dict>
			<key>AB67905E555EBDB3361F7CC7</key>
			<dict>
				<key>fileRef</key>
				<string>66B4D58289639C3D75FA2FEC</string>
				<key>isa</key>
				<string>PBXBuildFile</string>
			</dict>
			<key>66B4D58289639C3D75FA2FEC</key>
			<dict>
				<key>explicitFileType</key>
				<string>sourcecode.cpp.cpp</string>
				<key>fileEncoding</key>
				<string>4</string>
				<key>isa</key>
				<string>PBXFileReference</string>
				<key>name</key>
				<string>ofxGuiGroup.cpp</string>
				<key>path</key>
				<string>../../../../addons/ofxGuiExtended/src/containers/ofxGuiGroup.cpp</string>
				<key>sourceTree</key>
				<string>SOURCE_ROOT</string>
			</dict>
			<key>159AB4E483EADFCE7584F6B0</key>
			<dict>
				<key>explicitFileType</key>
				<string>sourcecode.c.h</string>
				<key>fileEncoding</key>
				<string>4</string>
				<key>isa</key>
				<string>PBXFileReference</string>
				<key>name</key>
				<string>ofxGuiContainer.h</string>
				<key>path</key>
				<string>../../../../addons/ofxGuiExtended/src/containers/ofxGuiContainer.h</string>
				<key>sourceTree</key>
				<string>SOURCE_ROOT</string>
			</dict>
			<key>62D271CDC67B01E941E96E5C</key>
			<dict>
				<key>children</key>
				<array>
					<string>B7592F97BDA9240FC3FE3AF6</string>
					<string>159AB4E483EADFCE7584F6B0</string>
					<string>66B4D58289639C3D75FA2FEC</string>
					<string>62A6C64CB8C6B4929571B92F</string>
					<string>D235ED77F359AD517BD380DF</string>
					<string>C3150A8880B2A70AE6A4DAB9</string>
					<string>42C5342A62C677EEF3B16F77</string>
					<string>07080C725FB7CC62922641F9</string>
					<string>DDEEA0BE5002286E01803C5F</string>
					<string>99BCAF2F5DE0C2CDDDD91F9F</string>
					<string>89A7ABE81124B04FE3405C6F</string>
					<string>F7FE3BA76D4C3030AE87E0BA</string>
				</array>
				<key>isa</key>
				<string>PBXGroup</string>
				<key>name</key>
				<string>containers</string>
				<key>sourceTree</key>
				<string>&lt;group&gt;</string>
			</dict>
			<key>FF557B38E74FD99053AD7E34</key>
			<dict>
				<key>children</key>
				<array>
					<string>62D271CDC67B01E941E96E5C</string>
					<string>F0AD07976D10BFA469C92DAA</string>
					<string>FAC1F59EC310A57E00CB01E1</string>
					<string>176253A26B86C13412DB0B9F</string>
					<string>E2C2E0388463D3F9B86E2771</string>
					<string>FEC8AF015EAE94DEE52F16C5</string>
					<string>F3B18142A4BF92770B57C585</string>
					<string>D2FA04903677669F4D5DBF91</string>
					<string>E20840E800A52DE172108EC3</string>
				</array>
				<key>isa</key>
				<string>PBXGroup</string>
				<key>name</key>
				<string>src</string>
				<key>sourceTree</key>
				<string>&lt;group&gt;</string>
			</dict>
			<key>DFCCF8BDC58AFA44D27F9F11</key>
			<dict>
				<key>children</key>
				<array>
					<string>FF557B38E74FD99053AD7E34</string>
				</array>
				<key>isa</key>
				<string>PBXGroup</string>
				<key>name</key>
				<string>ofxGuiExtended</string>
				<key>sourceTree</key>
				<string>&lt;group&gt;</string>
			</dict>
			<key>AEF744CFB5206754C33614D4</key>
			<dict>
				<key>fileRef</key>
				<string>B7592F97BDA9240FC3FE3AF6</string>
				<key>isa</key>
				<string>PBXBuildFile</string>
			</dict>
			<key>B7592F97BDA9240FC3FE3AF6</key>
			<dict>
				<key>explicitFileType</key>
				<string>sourcecode.cpp.cpp</string>
				<key>fileEncoding</key>
				<string>4</string>
				<key>isa</key>
				<string>PBXFileReference</string>
				<key>name</key>
				<string>ofxGuiContainer.cpp</string>
				<key>path</key>
				<string>../../../../addons/ofxGuiExtended/src/containers/ofxGuiContainer.cpp</string>
				<key>sourceTree</key>
				<string>SOURCE_ROOT</string>
			</dict>
			<key>6948EE371B920CB800B5AC1A</key>
			<dict>
				<key>children</key>
				<array />
				<key>isa</key>
				<string>PBXGroup</string>
				<key>name</key>
				<string>local_addons</string>
				<key>sourceTree</key>
				<string>&lt;group&gt;</string>
			</dict>
			<key>8466F1851C04CA0E00918B1C</key>
			<dict>
				<key>buildActionMask</key>
				<string>12</string>
				<key>files</key>
				<array />
				<key>inputPaths</key>
				<array />
				<key>isa</key>
				<string>PBXShellScriptBuildPhase</string>
				<key>outputPaths</key>
				<array />
				<key>runOnlyForDeploymentPostprocessing</key>
				<string>0</string>
				<key>shellPath</key>
				<string>/bin/sh</string>
				<key>shellScript</key>
				<string>echo "$GCC_PREPROCESSOR_DEFINITIONS";
APPSTORE=`expr "$GCC_PREPROCESSOR_DEFINITIONS" : ".*APPSTORE=\([0-9]*\)"`
if [ -z "$APPSTORE" ] ; then
echo "Note: Not copying bin/data to App Package or doing App Code signing. Use AppStore target for AppStore distribution";
else
# Copy bin/data into App/Resources
rsync -avz --exclude='.DS_Store' "${SRCROOT}/bin/data/" "${TARGET_BUILD_DIR}/${UNLOCALIZED_RESOURCES_FOLDER_PATH}/data/"

# ---- Code Sign App Package ----

# WARNING: You may have to run Clean in Xcode after changing CODE_SIGN_IDENTITY!

# Verify that $CODE_SIGN_IDENTITY is set
if [ -z "${CODE_SIGN_IDENTITY}" ] ; then
echo "CODE_SIGN_IDENTITY needs to be set for framework code-signing"
exit 0
fi

if [ -z "${CODE_SIGN_ENTITLEMENTS}" ] ; then
echo "CODE_SIGN_ENTITLEMENTS needs to be set for framework code-signing!"

if [ "${CONFIGURATION}" = "Release" ] ; then
exit 1
else
# Code-signing is optional for non-release builds.
exit 0
fi
fi

ITEMS=""

FRAMEWORKS_DIR="${TARGET_BUILD_DIR}/${FRAMEWORKS_FOLDER_PATH}"
echo "$FRAMEWORKS_DIR"
if [ -d "$FRAMEWORKS_DIR" ] ; then
FRAMEWORKS=$(find "${FRAMEWORKS_DIR}" -depth -type d -name "*.framework" -or -name "*.dylib" -or -name "*.bundle" | sed -e "s/\(.*framework\)/\1\/Versions\/A\//")
RESULT=$?
if [[ $RESULT != 0 ]] ; then
exit 1
fi

ITEMS="${FRAMEWORKS}"
fi

LOGINITEMS_DIR="${TARGET_BUILD_DIR}/${CONTENTS_FOLDER_PATH}/Library/LoginItems/"
if [ -d "$LOGINITEMS_DIR" ] ; then
LOGINITEMS=$(find "${LOGINITEMS_DIR}" -depth -type d -name "*.app")
RESULT=$?
if [[ $RESULT != 0 ]] ; then
exit 1
fi

ITEMS="${ITEMS}"$'\n'"${LOGINITEMS}"
fi

# Prefer the expanded name, if available.
CODE_SIGN_IDENTITY_FOR_ITEMS="${EXPANDED_CODE_SIGN_IDENTITY_NAME}"
if [ "${CODE_SIGN_IDENTITY_FOR_ITEMS}" = "" ] ; then
# Fall back to old behavior.
CODE_SIGN_IDENTITY_FOR_ITEMS="${CODE_SIGN_IDENTITY}"
fi

echo "Identity:"
echo "${CODE_SIGN_IDENTITY_FOR_ITEMS}"

echo "Entitlements:"
echo "${CODE_SIGN_ENTITLEMENTS}"

echo "Found:"
echo "${ITEMS}"

# Change the Internal Field Separator (IFS) so that spaces in paths will not cause problems below.
SAVED_IFS=$IFS
IFS=$(echo -en "\n\b")

# Loop through all items.
for ITEM in $ITEMS;
do
echo "Signing '${ITEM}'"
codesign --force --verbose --sign "${CODE_SIGN_IDENTITY_FOR_ITEMS}" --entitlements "${CODE_SIGN_ENTITLEMENTS}" "${ITEM}"
RESULT=$?
if [[ $RESULT != 0 ]] ; then
echo "Failed to sign '${ITEM}'."
IFS=$SAVED_IFS
exit 1
fi
done

# Restore $IFS.
IFS=$SAVED_IFS

fi
</string>
			</dict>
			<key>99FA3DBB1C7456C400CFA0EE</key>
			<dict>
				<key>baseConfigurationReference</key>
				<string>E4EB6923138AFD0F00A09F29</string>
				<key>buildSettings</key>
				<dict>
					<key>HEADER_SEARCH_PATHS</key>
					<array>
						<string>$(OF_CORE_HEADERS)</string>
						<string>src</string>
						<string>../../../../addons/ofxGuiExtended/src</string>
						<string>../../../../addons/ofxGuiExtended/src/DOM</string>
						<string>../../../../addons/ofxGuiExtended/src/containers</string>
						<string>../../../../addons/ofxGuiExtended/src/controls</string>
						<string>../../../../addons/ofxGuiExtended/src/util</string>
						<string>../../../../addons/ofxGuiExtended/src/view</string>
					</array>
					<key>CONFIGURATION_BUILD_DIR</key>
					<string>$(SRCROOT)/bin/</string>
					<key>COPY_PHASE_STRIP</key>
					<string>YES</string>
					<key>DEAD_CODE_STRIPPING</key>
					<string>YES</string>
					<key>GCC_AUTO_VECTORIZATION</key>
					<string>YES</string>
					<key>GCC_ENABLE_SSE3_EXTENSIONS</key>
					<string>YES</string>
					<key>GCC_ENABLE_SUPPLEMENTAL_SSE3_INSTRUCTIONS</key>
					<string>YES</string>
					<key>GCC_INLINES_ARE_PRIVATE_EXTERN</key>
					<string>NO</string>
					<key>GCC_OPTIMIZATION_LEVEL</key>
					<string>3</string>
					<key>GCC_PREPROCESSOR_DEFINITIONS[arch=*]</key>
					<string>DISTRIBUTION=1</string>
					<key>GCC_SYMBOLS_PRIVATE_EXTERN</key>
					<string>NO</string>
					<key>GCC_UNROLL_LOOPS</key>
					<string>YES</string>
					<key>GCC_WARN_ABOUT_DEPRECATED_FUNCTIONS</key>
					<string>YES</string>
					<key>GCC_WARN_ABOUT_INVALID_OFFSETOF_MACRO</key>
					<string>NO</string>
					<key>GCC_WARN_ALLOW_INCOMPLETE_PROTOCOL</key>
					<string>NO</string>
					<key>GCC_WARN_UNINITIALIZED_AUTOS</key>
					<string>NO</string>
					<key>GCC_WARN_UNUSED_VALUE</key>
					<string>NO</string>
					<key>GCC_WARN_UNUSED_VARIABLE</key>
					<string>NO</string>
					<key>MACOSX_DEPLOYMENT_TARGET</key>
					<string>10.9</string>
					<key>OTHER_CPLUSPLUSFLAGS</key>
					<array>
						<string>-D__MACOSX_CORE__</string>
						<string>-mtune=native</string>
					</array>
					<key>SDKROOT</key>
					<string>macosx</string>
				</dict>
				<key>isa</key>
				<string>XCBuildConfiguration</string>
				<key>name</key>
				<string>AppStore</string>
			</dict>
			<key>99FA3DBC1C7456C400CFA0EE</key>
			<dict>
				<key>baseConfigurationReference</key>
				<string>E4EB6923138AFD0F00A09F29</string>
				<key>buildSettings</key>
				<dict>
					<key>HEADER_SEARCH_PATHS</key>
					<array>
						<string>$(OF_CORE_HEADERS)</string>
						<string>src</string>
						<string>../../../../addons/ofxGuiExtended/src</string>
						<string>../../../../addons/ofxGuiExtended/src/DOM</string>
						<string>../../../../addons/ofxGuiExtended/src/containers</string>
						<string>../../../../addons/ofxGuiExtended/src/controls</string>
						<string>../../../../addons/ofxGuiExtended/src/util</string>
						<string>../../../../addons/ofxGuiExtended/src/view</string>
					</array>
					<key>COMBINE_HIDPI_IMAGES</key>
					<string>YES</string>
					<key>COPY_PHASE_STRIP</key>
					<string>YES</string>
					<key>FRAMEWORK_SEARCH_PATHS</key>
					<array>
						<string>$(inherited)</string>
					</array>
					<key>GCC_GENERATE_DEBUGGING_SYMBOLS</key>
					<string>YES</string>
					<key>GCC_MODEL_TUNING</key>
					<string>NONE</string>
					<key>GCC_PREPROCESSOR_DEFINITIONS[arch=*]</key>
					<string>APPSTORE=1</string>
					<key>ICON</key>
					<string>$(ICON_NAME_RELEASE)</string>
					<key>ICON_FILE</key>
					<string>$(ICON_FILE_PATH)$(ICON)</string>
					<key>INFOPLIST_FILE</key>
					<string>openFrameworks-Info.plist</string>
					<key>INSTALL_PATH</key>
					<string>/Applications</string>
					<key>LIBRARY_SEARCH_PATHS</key>
					<string>$(inherited)</string>
					<key>PRODUCT_NAME</key>
					<string>$(TARGET_NAME)</string>
					<key>WRAPPER_EXTENSION</key>
					<string>app</string>
					<key>baseConfigurationReference</key>
					<string>E4EB6923138AFD0F00A09F29</string>
				</dict>
				<key>isa</key>
				<string>XCBuildConfiguration</string>
				<key>name</key>
				<string>AppStore</string>
			</dict>
			<key>BB4B014C10F69532006C3DED</key>
			<dict>
				<key>children</key>
				<array>
					<string>DFCCF8BDC58AFA44D27F9F11</string>
				</array>
				<key>isa</key>
				<string>PBXGroup</string>
				<key>name</key>
				<string>addons</string>
				<key>sourceTree</key>
				<string>&lt;group&gt;</string>
			</dict>
			<key>E4328143138ABC890047C5CB</key>
			<dict>
				<key>isa</key>
				<string>PBXFileReference</string>
				<key>lastKnownFileType</key>
				<string>wrapper.pb-project</string>
				<key>name</key>
				<string>openFrameworksLib.xcodeproj</string>
				<key>path</key>
				<string>../../../../libs/openFrameworksCompiled/project/osx/openFrameworksLib.xcodeproj</string>
				<key>sourceTree</key>
				<string>SOURCE_ROOT</string>
			</dict>
			<key>E4328144138ABC890047C5CB</key>
			<dict>
				<key>children</key>
				<array>
					<string>E4328148138ABC890047C5CB</string>
				</array>
				<key>isa</key>
				<string>PBXGroup</string>
				<key>name</key>
				<string>Products</string>
				<key>sourceTree</key>
				<string>&lt;group&gt;</string>
			</dict>
			<key>E4328147138ABC890047C5CB</key>
			<dict>
				<key>containerPortal</key>
				<string>E4328143138ABC890047C5CB</string>
				<key>isa</key>
				<string>PBXContainerItemProxy</string>
				<key>proxyType</key>
				<string>2</string>
				<key>remoteGlobalIDString</key>
				<string>E4B27C1510CBEB8E00536013</string>
				<key>remoteInfo</key>
				<string>openFrameworks</string>
			</dict>
			<key>E4328148138ABC890047C5CB</key>
			<dict>
				<key>fileType</key>
				<string>archive.ar</string>
				<key>isa</key>
				<string>PBXReferenceProxy</string>
				<key>path</key>
				<string>openFrameworksDebug.a</string>
				<key>remoteRef</key>
				<string>E4328147138ABC890047C5CB</string>
				<key>sourceTree</key>
				<string>BUILT_PRODUCTS_DIR</string>
			</dict>
			<key>E4328149138ABC9F0047C5CB</key>
			<dict>
				<key>fileRef</key>
				<string>E4328148138ABC890047C5CB</string>
				<key>isa</key>
				<string>PBXBuildFile</string>
			</dict>
			<key>E4B69B4A0A3A1720003C02F2</key>
			<dict>
				<key>children</key>
				<array>
					<string>E4B6FCAD0C3E899E008CF71C</string>
					<string>E4EB6923138AFD0F00A09F29</string>
					<string>E4B69E1C0A3A1BDC003C02F2</string>
					<string>E4EEC9E9138DF44700A80321</string>
					<string>BB4B014C10F69532006C3DED</string>
					<string>6948EE371B920CB800B5AC1A</string>
					<string>E4B69B5B0A3A1756003C02F2</string>
				</array>
				<key>isa</key>
				<string>PBXGroup</string>
				<key>sourceTree</key>
				<string>&lt;group&gt;</string>
			</dict>
			<key>E4B69B4C0A3A1720003C02F2</key>
			<dict>
				<key>attributes</key>
				<dict>
					<key>LastUpgradeCheck</key>
					<string>0600</string>
				</dict>
				<key>buildConfigurationList</key>
				<string>E4B69B4D0A3A1720003C02F2</string>
				<key>compatibilityVersion</key>
				<string>Xcode 3.2</string>
				<key>developmentRegion</key>
				<string>English</string>
				<key>hasScannedForEncodings</key>
				<string>0</string>
				<key>isa</key>
				<string>PBXProject</string>
				<key>knownRegions</key>
				<array>
					<string>English</string>
					<string>Japanese</string>
					<string>French</string>
					<string>German</string>
				</array>
				<key>mainGroup</key>
				<string>E4B69B4A0A3A1720003C02F2</string>
				<key>productRefGroup</key>
				<string>E4B69B4A0A3A1720003C02F2</string>
				<key>projectDirPath</key>
				<string />
				<key>projectReferences</key>
				<array>
					<dict>
						<key>ProductGroup</key>
						<string>E4328144138ABC890047C5CB</string>
						<key>ProjectRef</key>
						<string>E4328143138ABC890047C5CB</string>
					</dict>
				</array>
				<key>projectRoot</key>
				<string />
				<key>targets</key>
				<array>
					<string>E4B69B5A0A3A1756003C02F2</string>
				</array>
			</dict>
			<key>E4B69B4D0A3A1720003C02F2</key>
			<dict>
				<key>buildConfigurations</key>
				<array>
					<string>E4B69B4E0A3A1720003C02F2</string>
					<string>E4B69B4F0A3A1720003C02F2</string>
					<string>99FA3DBB1C7456C400CFA0EE</string>
				</array>
				<key>defaultConfigurationIsVisible</key>
				<string>0</string>
				<key>defaultConfigurationName</key>
				<string>Release</string>
				<key>isa</key>
				<string>XCConfigurationList</string>
			</dict>
			<key>E4B69B4E0A3A1720003C02F2</key>
			<dict>
				<key>baseConfigurationReference</key>
				<string>E4EB6923138AFD0F00A09F29</string>
				<key>buildSettings</key>
				<dict>
					<key>HEADER_SEARCH_PATHS</key>
					<array>
						<string>$(OF_CORE_HEADERS)</string>
						<string>src</string>
						<string>../../../../addons/ofxGuiExtended/src</string>
						<string>../../../../addons/ofxGuiExtended/src/DOM</string>
						<string>../../../../addons/ofxGuiExtended/src/containers</string>
						<string>../../../../addons/ofxGuiExtended/src/controls</string>
						<string>../../../../addons/ofxGuiExtended/src/util</string>
						<string>../../../../addons/ofxGuiExtended/src/view</string>
					</array>
					<key>CONFIGURATION_BUILD_DIR</key>
					<string>$(SRCROOT)/bin/</string>
					<key>COPY_PHASE_STRIP</key>
					<string>NO</string>
					<key>DEAD_CODE_STRIPPING</key>
					<string>YES</string>
					<key>GCC_AUTO_VECTORIZATION</key>
					<string>YES</string>
					<key>GCC_ENABLE_SSE3_EXTENSIONS</key>
					<string>YES</string>
					<key>GCC_ENABLE_SUPPLEMENTAL_SSE3_INSTRUCTIONS</key>
					<string>YES</string>
					<key>GCC_INLINES_ARE_PRIVATE_EXTERN</key>
					<string>NO</string>
					<key>GCC_OPTIMIZATION_LEVEL</key>
					<string>0</string>
					<key>GCC_SYMBOLS_PRIVATE_EXTERN</key>
					<string>NO</string>
					<key>GCC_WARN_ABOUT_DEPRECATED_FUNCTIONS</key>
					<string>YES</string>
					<key>GCC_WARN_ABOUT_INVALID_OFFSETOF_MACRO</key>
					<string>NO</string>
					<key>GCC_WARN_ALLOW_INCOMPLETE_PROTOCOL</key>
					<string>NO</string>
					<key>GCC_WARN_UNINITIALIZED_AUTOS</key>
					<string>NO</string>
					<key>GCC_WARN_UNUSED_VALUE</key>
					<string>NO</string>
					<key>GCC_WARN_UNUSED_VARIABLE</key>
					<string>NO</string>
					<key>MACOSX_DEPLOYMENT_TARGET</key>
					<string>10.9</string>
					<key>ONLY_ACTIVE_ARCH</key>
					<string>YES</string>
					<key>OTHER_CPLUSPLUSFLAGS</key>
					<array>
						<string>-D__MACOSX_CORE__</string>
						<string>-mtune=native</string>
					</array>
					<key>SDKROOT</key>
					<string>macosx</string>
				</dict>
				<key>isa</key>
				<string>XCBuildConfiguration</string>
				<key>name</key>
				<string>Debug</string>
			</dict>
			<key>E4B69B4F0A3A1720003C02F2</key>
			<dict>
				<key>baseConfigurationReference</key>
				<string>E4EB6923138AFD0F00A09F29</string>
				<key>buildSettings</key>
				<dict>
					<key>HEADER_SEARCH_PATHS</key>
					<array>
						<string>$(OF_CORE_HEADERS)</string>
						<string>src</string>
						<string>../../../../addons/ofxGuiExtended/src</string>
						<string>../../../../addons/ofxGuiExtended/src/DOM</string>
						<string>../../../../addons/ofxGuiExtended/src/containers</string>
						<string>../../../../addons/ofxGuiExtended/src/controls</string>
						<string>../../../../addons/ofxGuiExtended/src/util</string>
						<string>../../../../addons/ofxGuiExtended/src/view</string>
					</array>
					<key>CONFIGURATION_BUILD_DIR</key>
					<string>$(SRCROOT)/bin/</string>
					<key>COPY_PHASE_STRIP</key>
					<string>YES</string>
					<key>DEAD_CODE_STRIPPING</key>
					<string>YES</string>
					<key>GCC_AUTO_VECTORIZATION</key>
					<string>YES</string>
					<key>GCC_ENABLE_SSE3_EXTENSIONS</key>
					<string>YES</string>
					<key>GCC_ENABLE_SUPPLEMENTAL_SSE3_INSTRUCTIONS</key>
					<string>YES</string>
					<key>GCC_INLINES_ARE_PRIVATE_EXTERN</key>
					<string>NO</string>
					<key>GCC_OPTIMIZATION_LEVEL</key>
					<string>3</string>
					<key>GCC_SYMBOLS_PRIVATE_EXTERN</key>
					<string>NO</string>
					<key>GCC_UNROLL_LOOPS</key>
					<string>YES</string>
					<key>GCC_WARN_ABOUT_DEPRECATED_FUNCTIONS</key>
					<string>YES</string>
					<key>GCC_WARN_ABOUT_INVALID_OFFSETOF_MACRO</key>
					<string>NO</string>
					<key>GCC_WARN_ALLOW_INCOMPLETE_PROTOCOL</key>
					<string>NO</string>
					<key>GCC_WARN_UNINITIALIZED_AUTOS</key>
					<string>NO</string>
					<key>GCC_WARN_UNUSED_VALUE</key>
					<string>NO</string>
					<key>GCC_WARN_UNUSED_VARIABLE</key>
					<string>NO</string>
					<key>MACOSX_DEPLOYMENT_TARGET</key>
					<string>10.9</string>
					<key>OTHER_CPLUSPLUSFLAGS</key>
					<array>
						<string>-D__MACOSX_CORE__</string>
						<string>-mtune=native</string>
					</array>
					<key>SDKROOT</key>
					<string>macosx</string>
				</dict>
				<key>isa</key>
				<string>XCBuildConfiguration</string>
				<key>name</key>
				<string>Release</string>
			</dict>
			<key>E4B69B580A3A1756003C02F2</key>
			<dict>
				<key>buildActionMask</key>
				<string>2147483647</string>
				<key>files</key>
				<array>
					<string>E4B69E200A3A1BDC003C02F2</string>
					<string>E4B69E210A3A1BDC003C02F2</string>
					<string>AEF744CFB5206754C33614D4</string>
					<string>AB67905E555EBDB3361F7CC7</string>
					<string>A1E52824B8884C4706204924</string>
					<string>460ECA7281AA7EAF3333E120</string>
					<string>F0DE3AF6EA38F9A5FE759E79</string>
					<string>AE895733E8BC65FABCFC54D5</string>
					<string>BC1E3672B730E6730FECE839</string>
					<string>7928C44C3443C74444811602</string>
					<string>368056C154241D4E3FA7554D</string>
					<string>5E9DFA04E184ADC40D7950A1</string>
					<string>8C2A327F5236B33C0C1DC623</string>
					<string>FDD16DA82A60D6972C94161B</string>
					<string>FEAA744E7104D9215527B1A7</string>
					<string>32D7B1382FB204EACAB1533B</string>
					<string>7C2C7B1DF9C50B1AD717C49C</string>
					<string>4E11404B06DD7236147A9A9A</string>
					<string>61DF0E4BE353F87C957A102F</string>
					<string>966F59EAD74E1B99F2685EDF</string>
					<string>E4F39E7D19DEE9BABC45EB23</string>
					<string>C502A884B326D8CC284E63E4</string>
					<string>4DAEF6AEABB90D3C716F3554</string>
					<string>325EB347601B832A7F3E68BF</string>
					<string>B51BDA8A5DC01477B3A7E980</string>
					<string>6F66E4C39C42CB5E73126AE4</string>
					<string>E586913F396DFF950285F4A4</string>
					<string>9780B79542D0EAAAD92CC369</string>
					<string>A1605F87BB15CB7C97EBCCC9</string>
					<string>CA5ABB70D61DAAB45822DBB8</string>
				</array>
				<key>isa</key>
				<string>PBXSourcesBuildPhase</string>
				<key>runOnlyForDeploymentPostprocessing</key>
				<string>0</string>
			</dict>
			<key>E4B69B590A3A1756003C02F2</key>
			<dict>
				<key>buildActionMask</key>
				<string>2147483647</string>
				<key>files</key>
				<array>
					<string>E4328149138ABC9F0047C5CB</string>
				</array>
				<key>isa</key>
				<string>PBXFrameworksBuildPhase</string>
				<key>runOnlyForDeploymentPostprocessing</key>
				<string>0</string>
			</dict>
			<key>E4B69B5A0A3A1756003C02F2</key>
			<dict>
				<key>buildConfigurationList</key>
				<string>E4B69B5F0A3A1757003C02F2</string>
				<key>buildPhases</key>
				<array>
					<string>E4B69B580A3A1756003C02F2</string>
					<string>E4B69B590A3A1756003C02F2</string>
					<string>E4B6FFFD0C3F9AB9008CF71C</string>
					<string>E4C2427710CC5ABF004149E2</string>
					<string>8466F1851C04CA0E00918B1C</string>
				</array>
				<key>buildRules</key>
				<array />
				<key>dependencies</key>
				<array>
					<string>E4EEB9AC138B136A00A80321</string>
				</array>
				<key>isa</key>
				<string>PBXNativeTarget</string>
				<key>name</key>
				<string>testing_001</string>
				<key>productName</key>
				<string>myOFApp</string>
				<key>productReference</key>
				<string>E4B69B5B0A3A1756003C02F2</string>
				<key>productType</key>
				<string>com.apple.product-type.application</string>
			</dict>
			<key>E4B69B5B0A3A1756003C02F2</key>
			<dict>
				<key>explicitFileType</key>
				<string>wrapper.application</string>
				<key>includeInIndex</key>
				<string>0</string>
				<key>isa</key>
				<string>PBXFileReference</string>
				<key>path</key>
				<string>testing_001Debug.app</string>
				<key>sourceTree</key>
				<string>BUILT_PRODUCTS_DIR</string>
			</dict>
			<key>E4B69B5F0A3A1757003C02F2</key>
			<dict>
				<key>buildConfigurations</key>
				<array>
					<string>E4B69B600A3A1757003C02F2</string>
					<string>E4B69B610A3A1757003C02F2</string>
					<string>99FA3DBC1C7456C400CFA0EE</string>
				</array>
				<key>defaultConfigurationIsVisible</key>
				<string>0</string>
				<key>defaultConfigurationName</key>
				<string>Release</string>
				<key>isa</key>
				<string>XCConfigurationList</string>
			</dict>
			<key>E4B69B600A3A1757003C02F2</key>
			<dict>
				<key>baseConfigurationReference</key>
				<string>E4EB6923138AFD0F00A09F29</string>
				<key>buildSettings</key>
				<dict>
					<key>HEADER_SEARCH_PATHS</key>
					<array>
						<string>$(OF_CORE_HEADERS)</string>
						<string>src</string>
						<string>../../../../addons/ofxGuiExtended/src</string>
						<string>../../../../addons/ofxGuiExtended/src/DOM</string>
						<string>../../../../addons/ofxGuiExtended/src/containers</string>
						<string>../../../../addons/ofxGuiExtended/src/controls</string>
						<string>../../../../addons/ofxGuiExtended/src/util</string>
						<string>../../../../addons/ofxGuiExtended/src/view</string>
					</array>
					<key>COMBINE_HIDPI_IMAGES</key>
					<string>YES</string>
					<key>COPY_PHASE_STRIP</key>
					<string>NO</string>
					<key>FRAMEWORK_SEARCH_PATHS</key>
					<array>
						<string>$(inherited)</string>
					</array>
					<key>GCC_DYNAMIC_NO_PIC</key>
					<string>NO</string>
					<key>GCC_GENERATE_DEBUGGING_SYMBOLS</key>
					<string>YES</string>
					<key>GCC_MODEL_TUNING</key>
					<string>NONE</string>
					<key>ICON</key>
					<string>$(ICON_NAME_DEBUG)</string>
					<key>ICON_FILE</key>
					<string>$(ICON_FILE_PATH)$(ICON)</string>
					<key>INFOPLIST_FILE</key>
					<string>openFrameworks-Info.plist</string>
					<key>INSTALL_PATH</key>
					<string>/Applications</string>
					<key>LIBRARY_SEARCH_PATHS</key>
					<string>$(inherited)</string>
					<key>PRODUCT_NAME</key>
					<string>$(TARGET_NAME)Debug</string>
					<key>WRAPPER_EXTENSION</key>
					<string>app</string>
				</dict>
				<key>isa</key>
				<string>XCBuildConfiguration</string>
				<key>name</key>
				<string>Debug</string>
			</dict>
			<key>E4B69B610A3A1757003C02F2</key>
			<dict>
				<key>baseConfigurationReference</key>
				<string>E4EB6923138AFD0F00A09F29</string>
				<key>buildSettings</key>
				<dict>
					<key>HEADER_SEARCH_PATHS</key>
					<array>
						<string>$(OF_CORE_HEADERS)</string>
						<string>src</string>
						<string>../../../../addons/ofxGuiExtended/src</string>
						<string>../../../../addons/ofxGuiExtended/src/DOM</string>
						<string>../../../../addons/ofxGuiExtended/src/containers</string>
						<string>../../../../addons/ofxGuiExtended/src/controls</string>
						<string>../../../../addons/ofxGuiExtended/src/util</string>
						<string>../../../../addons/ofxGuiExtended/src/view</string>
					</array>
					<key>COMBINE_HIDPI_IMAGES</key>
					<string>YES</string>
					<key>COPY_PHASE_STRIP</key>
					<string>YES</string>
					<key>FRAMEWORK_SEARCH_PATHS</key>
					<array>
						<string>$(inherited)</string>
					</array>
					<key>GCC_GENERATE_DEBUGGING_SYMBOLS</key>
					<string>YES</string>
					<key>GCC_MODEL_TUNING</key>
					<string>NONE</string>
					<key>ICON</key>
					<string>$(ICON_NAME_RELEASE)</string>
					<key>ICON_FILE</key>
					<string>$(ICON_FILE_PATH)$(ICON)</string>
					<key>INFOPLIST_FILE</key>
					<string>openFrameworks-Info.plist</string>
					<key>INSTALL_PATH</key>
					<string>/Applications</string>
					<key>LIBRARY_SEARCH_PATHS</key>
					<string>$(inherited)</string>
					<key>PRODUCT_NAME</key>
					<string>$(TARGET_NAME)</string>
					<key>WRAPPER_EXTENSION</key>
					<string>app</string>
					<key>baseConfigurationReference</key>
					<string>E4EB6923138AFD0F00A09F29</string>
				</dict>
				<key>isa</key>
				<string>XCBuildConfiguration</string>
				<key>name</key>
				<string>Release</string>
			</dict>
			<key>E4B69E1C0A3A1BDC003C02F2</key>
			<dict>
				<key>children</key>
				<array>
					<string>E4B69E1D0A3A1BDC003C02F2</string>
					<string>E4B69E1E0A3A1BDC003C02F2</string>
					<string>E4B69E1F0A3A1BDC003C02F2</string>
				</array>
				<key>isa</key>
				<string>PBXGroup</string>
				<key>path</key>
				<string>src</string>
				<key>sourceTree</key>
				<string>SOURCE_ROOT</string>
			</dict>
			<key>E4B69E1D0A3A1BDC003C02F2</key>
			<dict>
				<key>fileEncoding</key>
				<string>4</string>
				<key>isa</key>
				<string>PBXFileReference</string>
				<key>lastKnownFileType</key>
				<string>sourcecode.cpp.cpp</string>
				<key>name</key>
				<string>main.cpp</string>
				<key>path</key>
				<string>src/main.cpp</string>
				<key>sourceTree</key>
				<string>SOURCE_ROOT</string>
			</dict>
			<key>E4B69E1E0A3A1BDC003C02F2</key>
			<dict>
				<key>explicitFileType</key>
				<string>sourcecode.cpp.cpp</string>
				<key>fileEncoding</key>
				<string>4</string>
				<key>isa</key>
				<string>PBXFileReference</string>
				<key>name</key>
				<string>ofApp.cpp</string>
				<key>path</key>
				<string>src/ofApp.cpp</string>
				<key>sourceTree</key>
				<string>SOURCE_ROOT</string>
			</dict>
			<key>E4B69E1F0A3A1BDC003C02F2</key>
			<dict>
				<key>fileEncoding</key>
				<string>4</string>
				<key>isa</key>
				<string>PBXFileReference</string>
				<key>lastKnownFileType</key>
				<string>sourcecode.c.h</string>
				<key>name</key>
				<string>ofApp.h</string>
				<key>path</key>
				<string>src/ofApp.h</string>
				<key>sourceTree</key>
				<string>SOURCE_ROOT</string>
			</dict>
			<key>E4B69E200A3A1BDC003C02F2</key>
			<dict>
				<key>fileRef</key>
				<string>E4B69E1D0A3A1BDC003C02F2</string>
				<key>isa</key>
				<string>PBXBuildFile</string>
			</dict>
			<key>E4B69E210A3A1BDC003C02F2</key>
			<dict>
				<key>fileRef</key>
				<string>E4B69E1E0A3A1BDC003C02F2</string>
				<key>isa</key>
				<string>PBXBuildFile</string>
			</dict>
			<key>E4B6FCAD0C3E899E008CF71C</key>
			<dict>
				<key>fileEncoding</key>
				<string>4</string>
				<key>isa</key>
				<string>PBXFileReference</string>
				<key>lastKnownFileType</key>
				<string>text.plist.xml</string>
				<key>path</key>
				<string>openFrameworks-Info.plist</string>
				<key>sourceTree</key>
				<string>&lt;group&gt;</string>
			</dict>
			<key>E4B6FFFD0C3F9AB9008CF71C</key>
			<dict>
				<key>buildActionMask</key>
				<string>2147483647</string>
				<key>files</key>
				<array />
				<key>inputPaths</key>
				<array />
				<key>isa</key>
				<string>PBXShellScriptBuildPhase</string>
				<key>outputPaths</key>
				<array />
				<key>runOnlyForDeploymentPostprocessing</key>
				<string>0</string>
				<key>shellPath</key>
				<string>/bin/sh</string>
				<key>shellScript</key>
				<string>mkdir -p "$TARGET_BUILD_DIR/$PRODUCT_NAME.app/Contents/Resources/"
# Copy default icon file into App/Resources
rsync -aved "$ICON_FILE" "$TARGET_BUILD_DIR/$PRODUCT_NAME.app/Contents/Resources/"
# Copy libfmod and change install directory for fmod to run
rsync -aved "$OF_PATH/libs/fmodex/lib/osx/libfmodex.dylib" "$TARGET_BUILD_DIR/$PRODUCT_NAME.app/Contents/Frameworks/";
install_name_tool -change @executable_path/libfmodex.dylib @executable_path/../Frameworks/libfmodex.dylib "$TARGET_BUILD_DIR/$PRODUCT_NAME.app/Contents/MacOS/$PRODUCT_NAME";

echo "$GCC_PREPROCESSOR_DEFINITIONS";
</string>
			</dict>
			<key>E4C2427710CC5ABF004149E2</key>
			<dict>
				<key>buildActionMask</key>
				<string>2147483647</string>
				<key>dstPath</key>
				<string />
				<key>dstSubfolderSpec</key>
				<string>10</string>
				<key>files</key>
				<array />
				<key>isa</key>
				<string>PBXCopyFilesBuildPhase</string>
				<key>runOnlyForDeploymentPostprocessing</key>
				<string>0</string>
			</dict>
			<key>E4EB691F138AFCF100A09F29</key>
			<dict>
				<key>fileEncoding</key>
				<string>4</string>
				<key>isa</key>
				<string>PBXFileReference</string>
				<key>lastKnownFileType</key>
				<string>text.xcconfig</string>
				<key>name</key>
				<string>CoreOF.xcconfig</string>
				<key>path</key>
				<string>../../../../libs/openFrameworksCompiled/project/osx/CoreOF.xcconfig</string>
				<key>sourceTree</key>
				<string>SOURCE_ROOT</string>
			</dict>
			<key>E4EB6923138AFD0F00A09F29</key>
			<dict>
				<key>fileEncoding</key>
				<string>4</string>
				<key>isa</key>
				<string>PBXFileReference</string>
				<key>lastKnownFileType</key>
				<string>text.xcconfig</string>
				<key>path</key>
				<string>Project.xcconfig</string>
				<key>sourceTree</key>
				<string>&lt;group&gt;</string>
			</dict>
			<key>E4EEB9AB138B136A00A80321</key>
			<dict>
				<key>containerPortal</key>
				<string>E4328143138ABC890047C5CB</string>
				<key>isa</key>
				<string>PBXContainerItemProxy</string>
				<key>proxyType</key>
				<string>1</string>
				<key>remoteGlobalIDString</key>
				<string>E4B27C1410CBEB8E00536013</string>
				<key>remoteInfo</key>
				<string>openFrameworks</string>
			</dict>
			<key>E4EEB9AC138B136A00A80321</key>
			<dict>
				<key>isa</key>
				<string>PBXTargetDependency</string>
				<key>name</key>
				<string>openFrameworks</string>
				<key>targetProxy</key>
				<string>E4EEB9AB138B136A00A80321</string>
			</dict>
			<key>E4EEC9E9138DF44700A80321</key>
			<dict>
				<key>children</key>
				<array>
					<string>E4EB691F138AFCF100A09F29</string>
					<string>E4328143138ABC890047C5CB</string>
				</array>
				<key>isa</key>
				<string>PBXGroup</string>
				<key>name</key>
				<string>openFrameworks</string>
				<key>sourceTree</key>
				<string>&lt;group&gt;</string>
			</dict>
		</dict>
		<key>rootObject</key>
		<string>E4B69B4C0A3A1720003C02F2</string>
	</dict>
</plist>
